{
  "version": 4,
  "terraform_version": "1.4.6",
  "serial": 26,
  "lineage": "9af16229-27c8-9a12-ea10-e1a02c356044",
  "outputs": {},
  "resources": [
    {
      "mode": "managed",
      "type": "azurerm_network_interface",
      "name": "netinterface",
      "provider": "provider[\"registry.terraform.io/hashicorp/azurerm\"]",
      "instances": [
        {
          "schema_version": 0,
          "attributes": {
            "applied_dns_servers": [],
            "auxiliary_mode": "",
            "auxiliary_sku": "",
            "dns_servers": [],
            "edge_zone": "",
            "enable_accelerated_networking": false,
            "enable_ip_forwarding": false,
            "id": "/subscriptions/fb2d3979-b1de-40db-a6f7-a79f89d9d2dc/resourceGroups/mypracticetest/providers/Microsoft.Network/networkInterfaces/myintrface",
            "internal_dns_name_label": "",
            "internal_domain_name_suffix": "wcp4j4atw0ceznksh1d3pcxwjf.bx.internal.cloudapp.net",
            "ip_configuration": [
              {
                "gateway_load_balancer_frontend_ip_configuration_id": "",
                "name": "myipconfig",
                "primary": true,
                "private_ip_address": "10.0.1.4",
                "private_ip_address_allocation": "Dynamic",
                "private_ip_address_version": "IPv4",
                "public_ip_address_id": "",
                "subnet_id": "/subscriptions/fb2d3979-b1de-40db-a6f7-a79f89d9d2dc/resourceGroups/mypracticetest/providers/Microsoft.Network/virtualNetworks/mynetwork/subnets/mysubnet1"
              }
            ],
            "location": "eastus",
            "mac_address": "",
            "name": "myintrface",
            "private_ip_address": "10.0.1.4",
            "private_ip_addresses": [
              "10.0.1.4"
            ],
            "resource_group_name": "mypracticetest",
            "tags": null,
            "timeouts": null,
            "virtual_machine_id": ""
          },
          "sensitive_attributes": [],
          "private": "eyJlMmJmYjczMC1lY2FhLTExZTYtOGY4OC0zNDM2M2JjN2M0YzAiOnsiY3JlYXRlIjoxODAwMDAwMDAwMDAwLCJkZWxldGUiOjE4MDAwMDAwMDAwMDAsInJlYWQiOjMwMDAwMDAwMDAwMCwidXBkYXRlIjoxODAwMDAwMDAwMDAwfX0=",
          "dependencies": [
            "azurerm_resource_group.practice",
            "azurerm_subnet.mysubnet"
          ]
        }
      ]
    },
    {
      "mode": "managed",
      "type": "azurerm_resource_group",
      "name": "itdependson",
      "provider": "provider[\"registry.terraform.io/hashicorp/azurerm\"]",
      "instances": [
        {
          "index_key": 0,
          "schema_version": 0,
          "attributes": {
            "id": "/subscriptions/fb2d3979-b1de-40db-a6f7-a79f89d9d2dc/resourceGroups/azurerm",
            "location": "eastus",
            "managed_by": "",
            "name": "azurerm",
            "tags": {},
            "timeouts": null
          },
          "sensitive_attributes": [],
          "private": "eyJlMmJmYjczMC1lY2FhLTExZTYtOGY4OC0zNDM2M2JjN2M0YzAiOnsiY3JlYXRlIjo1NDAwMDAwMDAwMDAwLCJkZWxldGUiOjU0MDAwMDAwMDAwMDAsInJlYWQiOjMwMDAwMDAwMDAwMCwidXBkYXRlIjo1NDAwMDAwMDAwMDAwfX0=",
          "dependencies": [
            "azurerm_resource_group.practice"
          ]
        },
        {
          "index_key": 1,
          "schema_version": 0,
          "attributes": {
            "id": "/subscriptions/fb2d3979-b1de-40db-a6f7-a79f89d9d2dc/resourceGroups/rakesh",
            "location": "eastus",
            "managed_by": "",
            "name": "rakesh",
            "tags": {},
            "timeouts": null
          },
          "sensitive_attributes": [],
          "private": "eyJlMmJmYjczMC1lY2FhLTExZTYtOGY4OC0zNDM2M2JjN2M0YzAiOnsiY3JlYXRlIjo1NDAwMDAwMDAwMDAwLCJkZWxldGUiOjU0MDAwMDAwMDAwMDAsInJlYWQiOjMwMDAwMDAwMDAwMCwidXBkYXRlIjo1NDAwMDAwMDAwMDAwfX0=",
          "dependencies": [
            "azurerm_resource_group.practice"
          ]
        }
      ]
    },
    {
      "mode": "managed",
      "type": "azurerm_resource_group",
      "name": "practice",
      "provider": "provider[\"registry.terraform.io/hashicorp/azurerm\"]",
      "instances": [
        {
          "schema_version": 0,
          "attributes": {
            "id": "/subscriptions/fb2d3979-b1de-40db-a6f7-a79f89d9d2dc/resourceGroups/mypracticetest",
            "location": "eastus",
            "managed_by": "",
            "name": "mypracticetest",
            "tags": {},
            "timeouts": null
          },
          "sensitive_attributes": [],
          "private": "eyJlMmJmYjczMC1lY2FhLTExZTYtOGY4OC0zNDM2M2JjN2M0YzAiOnsiY3JlYXRlIjo1NDAwMDAwMDAwMDAwLCJkZWxldGUiOjU0MDAwMDAwMDAwMDAsInJlYWQiOjMwMDAwMDAwMDAwMCwidXBkYXRlIjo1NDAwMDAwMDAwMDAwfX0="
        }
      ]
    },
    {
      "mode": "managed",
      "type": "azurerm_storage_account",
      "name": "stact",
      "provider": "provider[\"registry.terraform.io/hashicorp/azurerm\"]",
      "instances": [
        {
          "schema_version": 4,
          "attributes": {
            "access_tier": "Hot",
            "account_kind": "StorageV2",
            "account_replication_type": "LRS",
            "account_tier": "Standard",
            "allow_nested_items_to_be_public": true,
            "allowed_copy_scope": "",
            "azure_files_authentication": [],
            "blob_properties": [
              {
                "change_feed_enabled": false,
                "change_feed_retention_in_days": 0,
                "container_delete_retention_policy": [],
                "cors_rule": [],
                "default_service_version": "",
                "delete_retention_policy": [],
                "last_access_time_enabled": false,
                "restore_policy": [],
                "versioning_enabled": false
              }
            ],
            "cross_tenant_replication_enabled": true,
            "custom_domain": [],
            "customer_managed_key": [],
            "default_to_oauth_authentication": false,
            "edge_zone": "",
            "enable_https_traffic_only": true,
            "id": "/subscriptions/fb2d3979-b1de-40db-a6f7-a79f89d9d2dc/resourceGroups/mypracticetest/providers/Microsoft.Storage/storageAccounts/firstsa233",
            "identity": [],
            "immutability_policy": [],
            "infrastructure_encryption_enabled": false,
            "is_hns_enabled": false,
            "large_file_share_enabled": null,
            "location": "eastus",
            "min_tls_version": "TLS1_2",
            "name": "firstsa233",
            "network_rules": [
              {
                "bypass": [
                  "AzureServices"
                ],
                "default_action": "Allow",
                "ip_rules": [],
                "private_link_access": [],
                "virtual_network_subnet_ids": []
              }
            ],
            "nfsv3_enabled": false,
            "primary_access_key": "/0HaKbsWb+C/r0SsPgxY3VQRI7CqWuy0hB+Dgg4quRJtaEKP1UWPk6flx8RtEAN1u9Xnd3aQLEwF+ASttIWuYQ==",
            "primary_blob_connection_string": "DefaultEndpointsProtocol=https;BlobEndpoint=https://firstsa233.blob.core.windows.net/;AccountName=firstsa233;AccountKey=/0HaKbsWb+C/r0SsPgxY3VQRI7CqWuy0hB+Dgg4quRJtaEKP1UWPk6flx8RtEAN1u9Xnd3aQLEwF+ASttIWuYQ==",
            "primary_blob_endpoint": "https://firstsa233.blob.core.windows.net/",
            "primary_blob_host": "firstsa233.blob.core.windows.net",
            "primary_connection_string": "DefaultEndpointsProtocol=https;AccountName=firstsa233;AccountKey=/0HaKbsWb+C/r0SsPgxY3VQRI7CqWuy0hB+Dgg4quRJtaEKP1UWPk6flx8RtEAN1u9Xnd3aQLEwF+ASttIWuYQ==;EndpointSuffix=core.windows.net",
            "primary_dfs_endpoint": "https://firstsa233.dfs.core.windows.net/",
            "primary_dfs_host": "firstsa233.dfs.core.windows.net",
            "primary_file_endpoint": "https://firstsa233.file.core.windows.net/",
            "primary_file_host": "firstsa233.file.core.windows.net",
            "primary_location": "eastus",
            "primary_queue_endpoint": "https://firstsa233.queue.core.windows.net/",
            "primary_queue_host": "firstsa233.queue.core.windows.net",
            "primary_table_endpoint": "https://firstsa233.table.core.windows.net/",
            "primary_table_host": "firstsa233.table.core.windows.net",
            "primary_web_endpoint": "https://firstsa233.z13.web.core.windows.net/",
            "primary_web_host": "firstsa233.z13.web.core.windows.net",
            "public_network_access_enabled": true,
            "queue_encryption_key_type": "Service",
            "queue_properties": [
              {
                "cors_rule": [],
                "hour_metrics": [
                  {
                    "enabled": true,
                    "include_apis": true,
                    "retention_policy_days": 7,
                    "version": "1.0"
                  }
                ],
                "logging": [
                  {
                    "delete": false,
                    "read": false,
                    "retention_policy_days": 0,
                    "version": "1.0",
                    "write": false
                  }
                ],
                "minute_metrics": [
                  {
                    "enabled": false,
                    "include_apis": false,
                    "retention_policy_days": 0,
                    "version": "1.0"
                  }
                ]
              }
            ],
            "resource_group_name": "mypracticetest",
            "routing": [],
            "sas_policy": [],
            "secondary_access_key": "MqmH5rZqbGcuov3Qx5mC9Q9G4VaWndrqzI02ur3j/KMybfrorK/Nk5+F5NkF/48WmHirIUPQG4xV+AStu2aP6w==",
            "secondary_blob_connection_string": "",
            "secondary_blob_endpoint": null,
            "secondary_blob_host": null,
            "secondary_connection_string": "DefaultEndpointsProtocol=https;AccountName=firstsa233;AccountKey=MqmH5rZqbGcuov3Qx5mC9Q9G4VaWndrqzI02ur3j/KMybfrorK/Nk5+F5NkF/48WmHirIUPQG4xV+AStu2aP6w==;EndpointSuffix=core.windows.net",
            "secondary_dfs_endpoint": null,
            "secondary_dfs_host": null,
            "secondary_file_endpoint": null,
            "secondary_file_host": null,
            "secondary_location": "",
            "secondary_queue_endpoint": null,
            "secondary_queue_host": null,
            "secondary_table_endpoint": null,
            "secondary_table_host": null,
            "secondary_web_endpoint": null,
            "secondary_web_host": null,
            "sftp_enabled": false,
            "share_properties": [
              {
                "cors_rule": [],
                "retention_policy": [
                  {
                    "days": 7
                  }
                ],
                "smb": []
              }
            ],
            "shared_access_key_enabled": true,
            "static_website": [],
            "table_encryption_key_type": "Service",
            "tags": {},
            "timeouts": null
          },
          "sensitive_attributes": [],
          "private": "eyJlMmJmYjczMC1lY2FhLTExZTYtOGY4OC0zNDM2M2JjN2M0YzAiOnsiY3JlYXRlIjozNjAwMDAwMDAwMDAwLCJkZWxldGUiOjM2MDAwMDAwMDAwMDAsInJlYWQiOjMwMDAwMDAwMDAwMCwidXBkYXRlIjozNjAwMDAwMDAwMDAwfSwic2NoZW1hX3ZlcnNpb24iOiI0In0=",
          "dependencies": [
            "azurerm_resource_group.practice"
          ]
        }
      ]
    },
    {
      "mode": "managed",
      "type": "azurerm_subnet",
      "name": "mysubnet",
      "provider": "provider[\"registry.terraform.io/hashicorp/azurerm\"]",
      "instances": [
        {
          "schema_version": 0,
          "attributes": {
            "address_prefixes": [
              "10.0.1.0/24"
            ],
            "delegation": [],
            "enforce_private_link_endpoint_network_policies": false,
            "enforce_private_link_service_network_policies": false,
            "id": "/subscriptions/fb2d3979-b1de-40db-a6f7-a79f89d9d2dc/resourceGroups/mypracticetest/providers/Microsoft.Network/virtualNetworks/mynetwork/subnets/mysubnet1",
            "name": "mysubnet1",
            "private_endpoint_network_policies_enabled": true,
            "private_link_service_network_policies_enabled": true,
            "resource_group_name": "mypracticetest",
            "service_endpoint_policy_ids": [],
            "service_endpoints": [],
            "timeouts": null,
            "virtual_network_name": "mynetwork"
          },
          "sensitive_attributes": [],
          "private": "eyJlMmJmYjczMC1lY2FhLTExZTYtOGY4OC0zNDM2M2JjN2M0YzAiOnsiY3JlYXRlIjoxODAwMDAwMDAwMDAwLCJkZWxldGUiOjE4MDAwMDAwMDAwMDAsInJlYWQiOjMwMDAwMDAwMDAwMCwidXBkYXRlIjoxODAwMDAwMDAwMDAwfX0=",
          "dependencies": [
            "azurerm_resource_group.practice",
            "azurerm_virtual_network.newnetwork"
          ]
        }
      ]
    },
    {
      "mode": "managed",
      "type": "azurerm_virtual_network",
      "name": "newnetwork",
      "provider": "provider[\"registry.terraform.io/hashicorp/azurerm\"]",
      "instances": [
        {
          "schema_version": 0,
          "attributes": {
            "address_space": [
              "10.0.0.0/16"
            ],
            "bgp_community": "",
            "ddos_protection_plan": [],
            "dns_servers": [],
            "edge_zone": "",
            "encryption": [],
            "flow_timeout_in_minutes": 0,
            "guid": "f8e49fb0-b613-4c84-b552-3ec7d78af64d",
            "id": "/subscriptions/fb2d3979-b1de-40db-a6f7-a79f89d9d2dc/resourceGroups/mypracticetest/providers/Microsoft.Network/virtualNetworks/mynetwork",
            "location": "eastus",
            "name": "mynetwork",
            "resource_group_name": "mypracticetest",
            "subnet": [
              {
                "address_prefix": "10.0.1.0/24",
                "id": "/subscriptions/fb2d3979-b1de-40db-a6f7-a79f89d9d2dc/resourceGroups/mypracticetest/providers/Microsoft.Network/virtualNetworks/mynetwork/subnets/mysubnet1",
                "name": "mysubnet1",
                "security_group": ""
              }
            ],
            "tags": {},
            "timeouts": null
          },
          "sensitive_attributes": [],
          "private": "eyJlMmJmYjczMC1lY2FhLTExZTYtOGY4OC0zNDM2M2JjN2M0YzAiOnsiY3JlYXRlIjoxODAwMDAwMDAwMDAwLCJkZWxldGUiOjE4MDAwMDAwMDAwMDAsInJlYWQiOjMwMDAwMDAwMDAwMCwidXBkYXRlIjoxODAwMDAwMDAwMDAwfX0=",
          "dependencies": [
            "azurerm_resource_group.practice"
          ]
        }
      ]
    }
  ],
  "check_results": null
}
